
Microsoft Visual Studio Solution File, Format Version 12.00
# Visual Studio Version 17
VisualStudioVersion = 17.12.35527.113
MinimumVisualStudioVersion = 10.0.40219.1
Project("{FAE04EC0-301F-11D3-BF4B-00C04F79EFBC}") = "AxpoTrader.Console", "AxpoTrader.Console\AxpoTrader.Console.csproj", "{417A6D8B-029A-4A23-AEDD-6D644F50B8F3}"
EndProject
Project("{FAE04EC0-301F-11D3-BF4B-00C04F79EFBC}") = "AxpoTrader.Models", "AxpoTrader.Models\AxpoTrader.Models.csproj", "{F8C01C94-4F3D-46A3-8F40-4BF70B2E7640}"
EndProject
Project("{FAE04EC0-301F-11D3-BF4B-00C04F79EFBC}") = "AxpoTrader.Services", "AxpoTrader.Services\AxpoTrader.Services.csproj", "{BDE69E7A-16EC-4063-B8B8-0797AA0972A8}"
EndProject
Project("{FAE04EC0-301F-11D3-BF4B-00C04F79EFBC}") = "AxpoTrader.Services.NUnit", "AxpoTrader.Services.NUnit\AxpoTrader.Services.NUnit.csproj", "{4476F638-5ADD-475A-AFFB-38EFE14FACCB}"
EndProject
Project("{FAE04EC0-301F-11D3-BF4B-00C04F79EFBC}") = "AxpoTrader.Models.NUnits", "AxpoTrader.Models.NUnits\AxpoTrader.Models.NUnits.csproj", "{AA680F98-BE30-4BE3-8FFC-FA4C14101804}"
EndProject
Global
	GlobalSection(SolutionConfigurationPlatforms) = preSolution
		Debug|Any CPU = Debug|Any CPU
		Release|Any CPU = Release|Any CPU
	EndGlobalSection
	GlobalSection(ProjectConfigurationPlatforms) = postSolution
		{417A6D8B-029A-4A23-AEDD-6D644F50B8F3}.Debug|Any CPU.ActiveCfg = Debug|Any CPU
		{417A6D8B-029A-4A23-AEDD-6D644F50B8F3}.Debug|Any CPU.Build.0 = Debug|Any CPU
		{417A6D8B-029A-4A23-AEDD-6D644F50B8F3}.Release|Any CPU.ActiveCfg = Release|Any CPU
		{417A6D8B-029A-4A23-AEDD-6D644F50B8F3}.Release|Any CPU.Build.0 = Release|Any CPU
		{F8C01C94-4F3D-46A3-8F40-4BF70B2E7640}.Debug|Any CPU.ActiveCfg = Debug|Any CPU
		{F8C01C94-4F3D-46A3-8F40-4BF70B2E7640}.Debug|Any CPU.Build.0 = Debug|Any CPU
		{F8C01C94-4F3D-46A3-8F40-4BF70B2E7640}.Release|Any CPU.ActiveCfg = Release|Any CPU
		{F8C01C94-4F3D-46A3-8F40-4BF70B2E7640}.Release|Any CPU.Build.0 = Release|Any CPU
		{BDE69E7A-16EC-4063-B8B8-0797AA0972A8}.Debug|Any CPU.ActiveCfg = Debug|Any CPU
		{BDE69E7A-16EC-4063-B8B8-0797AA0972A8}.Debug|Any CPU.Build.0 = Debug|Any CPU
		{BDE69E7A-16EC-4063-B8B8-0797AA0972A8}.Release|Any CPU.ActiveCfg = Release|Any CPU
		{BDE69E7A-16EC-4063-B8B8-0797AA0972A8}.Release|Any CPU.Build.0 = Release|Any CPU
		{4476F638-5ADD-475A-AFFB-38EFE14FACCB}.Debug|Any CPU.ActiveCfg = Debug|Any CPU
		{4476F638-5ADD-475A-AFFB-38EFE14FACCB}.Debug|Any CPU.Build.0 = Debug|Any CPU
		{4476F638-5ADD-475A-AFFB-38EFE14FACCB}.Release|Any CPU.ActiveCfg = Release|Any CPU
		{4476F638-5ADD-475A-AFFB-38EFE14FACCB}.Release|Any CPU.Build.0 = Release|Any CPU
		{AA680F98-BE30-4BE3-8FFC-FA4C14101804}.Debug|Any CPU.ActiveCfg = Debug|Any CPU
		{AA680F98-BE30-4BE3-8FFC-FA4C14101804}.Debug|Any CPU.Build.0 = Debug|Any CPU
		{AA680F98-BE30-4BE3-8FFC-FA4C14101804}.Release|Any CPU.ActiveCfg = Release|Any CPU
		{AA680F98-BE30-4BE3-8FFC-FA4C14101804}.Release|Any CPU.Build.0 = Release|Any CPU
	EndGlobalSection
	GlobalSection(SolutionProperties) = preSolution
		HideSolutionNode = FALSE
	EndGlobalSection
EndGlobal
